// !$*UTF8*$!
{
	archiveVersion = 1;
	classes = {
	};
	objectVersion = 51;
	objects = {

/* Begin PBXBuildFile section */
		146A502C254404A900262122 /* WeatherResult.swift in Sources */ = {isa = PBXBuildFile; fileRef = 146A502B254404A900262122 /* WeatherResult.swift */; };
		146A50382544068700262122 /* URLRequest+Extensions.swift in Sources */ = {isa = PBXBuildFile; fileRef = 146A50372544068700262122 /* URLRequest+Extensions.swift */; };
		14E3959C2525D156008CD5E7 /* AppDelegate.swift in Sources */ = {isa = PBXBuildFile; fileRef = 14E3959B2525D156008CD5E7 /* AppDelegate.swift */; };
		14E3959E2525D156008CD5E7 /* SceneDelegate.swift in Sources */ = {isa = PBXBuildFile; fileRef = 14E3959D2525D156008CD5E7 /* SceneDelegate.swift */; };
		14E395A02525D156008CD5E7 /* ViewController.swift in Sources */ = {isa = PBXBuildFile; fileRef = 14E3959F2525D156008CD5E7 /* ViewController.swift */; };
		14E395A32525D156008CD5E7 /* Main.storyboard in Resources */ = {isa = PBXBuildFile; fileRef = 14E395A12525D156008CD5E7 /* Main.storyboard */; };
		14E395A52525D157008CD5E7 /* Assets.xcassets in Resources */ = {isa = PBXBuildFile; fileRef = 14E395A42525D157008CD5E7 /* Assets.xcassets */; };
		14E395A82525D157008CD5E7 /* LaunchScreen.storyboard in Resources */ = {isa = PBXBuildFile; fileRef = 14E395A62525D157008CD5E7 /* LaunchScreen.storyboard */; };
		14E395B32525D157008CD5E7 /* PlayWithRxSwiftTests.swift in Sources */ = {isa = PBXBuildFile; fileRef = 14E395B22525D157008CD5E7 /* PlayWithRxSwiftTests.swift */; };
		14E395BE2525D157008CD5E7 /* PlayWithRxSwiftUITests.swift in Sources */ = {isa = PBXBuildFile; fileRef = 14E395BD2525D157008CD5E7 /* PlayWithRxSwiftUITests.swift */; };
		2F9A3C83084F9FD7332077B8 /* Pods_PlayWithRxSwiftUITests.framework in Frameworks */ = {isa = PBXBuildFile; fileRef = 1B6F282817B2BE097B30188F /* Pods_PlayWithRxSwiftUITests.framework */; };
		8269A8C7648E71638F2DF72A /* Pods_PlayWithRxSwift.framework in Frameworks */ = {isa = PBXBuildFile; fileRef = CD937BE25B1A197BFC16EE38 /* Pods_PlayWithRxSwift.framework */; };
		8DEDC51A9FCC3FD0DC4DC93E /* Pods_PlayWithRxSwiftTests.framework in Frameworks */ = {isa = PBXBuildFile; fileRef = 15FCDD135BDC8B37AC69203C /* Pods_PlayWithRxSwiftTests.framework */; };
/* End PBXBuildFile section */

/* Begin PBXContainerItemProxy section */
		14E395AF2525D157008CD5E7 /* PBXContainerItemProxy */ = {
			isa = PBXContainerItemProxy;
			containerPortal = 14E395902525D156008CD5E7 /* Project object */;
			proxyType = 1;
			remoteGlobalIDString = 14E395972525D156008CD5E7;
			remoteInfo = PlayWithRxSwift;
		};
		14E395BA2525D157008CD5E7 /* PBXContainerItemProxy */ = {
			isa = PBXContainerItemProxy;
			containerPortal = 14E395902525D156008CD5E7 /* Project object */;
			proxyType = 1;
			remoteGlobalIDString = 14E395972525D156008CD5E7;
			remoteInfo = PlayWithRxSwift;
		};
/* End PBXContainerItemProxy section */

/* Begin PBXFileReference section */
		140A482D2531AED200B39A84 /* TransformOperator.playground */ = {isa = PBXFileReference; lastKnownFileType = file.playground; path = TransformOperator.playground; sourceTree = "<group>"; xcLanguageSpecificationIdentifier = xcode.lang.swift; };
		146A502B254404A900262122 /* WeatherResult.swift */ = {isa = PBXFileReference; lastKnownFileType = sourcecode.swift; path = WeatherResult.swift; sourceTree = "<group>"; };
		146A50372544068700262122 /* URLRequest+Extensions.swift */ = {isa = PBXFileReference; lastKnownFileType = sourcecode.swift; path = "URLRequest+Extensions.swift"; sourceTree = "<group>"; };
		14CB664225286C7A00AD15FB /* Filter.playground */ = {isa = PBXFileReference; lastKnownFileType = file.playground; path = Filter.playground; sourceTree = "<group>"; xcLanguageSpecificationIdentifier = xcode.lang.swift; };
		14E395982525D156008CD5E7 /* PlayWithRxSwift.app */ = {isa = PBXFileReference; explicitFileType = wrapper.application; includeInIndex = 0; path = PlayWithRxSwift.app; sourceTree = BUILT_PRODUCTS_DIR; };
		14E3959B2525D156008CD5E7 /* AppDelegate.swift */ = {isa = PBXFileReference; lastKnownFileType = sourcecode.swift; path = AppDelegate.swift; sourceTree = "<group>"; };
		14E3959D2525D156008CD5E7 /* SceneDelegate.swift */ = {isa = PBXFileReference; lastKnownFileType = sourcecode.swift; path = SceneDelegate.swift; sourceTree = "<group>"; };
		14E3959F2525D156008CD5E7 /* ViewController.swift */ = {isa = PBXFileReference; lastKnownFileType = sourcecode.swift; path = ViewController.swift; sourceTree = "<group>"; };
		14E395A22525D156008CD5E7 /* Base */ = {isa = PBXFileReference; lastKnownFileType = file.storyboard; name = Base; path = Base.lproj/Main.storyboard; sourceTree = "<group>"; };
		14E395A42525D157008CD5E7 /* Assets.xcassets */ = {isa = PBXFileReference; lastKnownFileType = folder.assetcatalog; path = Assets.xcassets; sourceTree = "<group>"; };
		14E395A72525D157008CD5E7 /* Base */ = {isa = PBXFileReference; lastKnownFileType = file.storyboard; name = Base; path = Base.lproj/LaunchScreen.storyboard; sourceTree = "<group>"; };
		14E395A92525D157008CD5E7 /* Info.plist */ = {isa = PBXFileReference; lastKnownFileType = text.plist.xml; path = Info.plist; sourceTree = "<group>"; };
		14E395AE2525D157008CD5E7 /* PlayWithRxSwiftTests.xctest */ = {isa = PBXFileReference; explicitFileType = wrapper.cfbundle; includeInIndex = 0; path = PlayWithRxSwiftTests.xctest; sourceTree = BUILT_PRODUCTS_DIR; };
		14E395B22525D157008CD5E7 /* PlayWithRxSwiftTests.swift */ = {isa = PBXFileReference; lastKnownFileType = sourcecode.swift; path = PlayWithRxSwiftTests.swift; sourceTree = "<group>"; };
		14E395B42525D157008CD5E7 /* Info.plist */ = {isa = PBXFileReference; lastKnownFileType = text.plist.xml; path = Info.plist; sourceTree = "<group>"; };
		14E395B92525D157008CD5E7 /* PlayWithRxSwiftUITests.xctest */ = {isa = PBXFileReference; explicitFileType = wrapper.cfbundle; includeInIndex = 0; path = PlayWithRxSwiftUITests.xctest; sourceTree = BUILT_PRODUCTS_DIR; };
		14E395BD2525D157008CD5E7 /* PlayWithRxSwiftUITests.swift */ = {isa = PBXFileReference; lastKnownFileType = sourcecode.swift; path = PlayWithRxSwiftUITests.swift; sourceTree = "<group>"; };
		14E395BF2525D157008CD5E7 /* Info.plist */ = {isa = PBXFileReference; lastKnownFileType = text.plist.xml; path = Info.plist; sourceTree = "<group>"; };
		14E395D82525D229008CD5E7 /* Observerable.playground */ = {isa = PBXFileReference; lastKnownFileType = file.playground; path = Observerable.playground; sourceTree = "<group>"; xcLanguageSpecificationIdentifier = xcode.lang.swift; };
		14FC5D682536FB7300D61592 /* CombineOperator.playground */ = {isa = PBXFileReference; lastKnownFileType = file.playground; path = CombineOperator.playground; sourceTree = "<group>"; xcLanguageSpecificationIdentifier = xcode.lang.swift; };
		14FEE55C252715CD003F3D71 /* Subject.playground */ = {isa = PBXFileReference; lastKnownFileType = file.playground; path = Subject.playground; sourceTree = "<group>"; xcLanguageSpecificationIdentifier = xcode.lang.swift; };
		15FCDD135BDC8B37AC69203C /* Pods_PlayWithRxSwiftTests.framework */ = {isa = PBXFileReference; explicitFileType = wrapper.framework; includeInIndex = 0; path = Pods_PlayWithRxSwiftTests.framework; sourceTree = BUILT_PRODUCTS_DIR; };
		1B6F282817B2BE097B30188F /* Pods_PlayWithRxSwiftUITests.framework */ = {isa = PBXFileReference; explicitFileType = wrapper.framework; includeInIndex = 0; path = Pods_PlayWithRxSwiftUITests.framework; sourceTree = BUILT_PRODUCTS_DIR; };
		2B031E2A06D2CADDFB1704FD /* Pods-PlayWithRxSwift.debug.xcconfig */ = {isa = PBXFileReference; includeInIndex = 1; lastKnownFileType = text.xcconfig; name = "Pods-PlayWithRxSwift.debug.xcconfig"; path = "Target Support Files/Pods-PlayWithRxSwift/Pods-PlayWithRxSwift.debug.xcconfig"; sourceTree = "<group>"; };
		5220E8766B829E330A66F18B /* Pods-PlayWithRxSwiftTests.debug.xcconfig */ = {isa = PBXFileReference; includeInIndex = 1; lastKnownFileType = text.xcconfig; name = "Pods-PlayWithRxSwiftTests.debug.xcconfig"; path = "Target Support Files/Pods-PlayWithRxSwiftTests/Pods-PlayWithRxSwiftTests.debug.xcconfig"; sourceTree = "<group>"; };
		530B8CBF00EA46C4EB573B0B /* Pods-PlayWithRxSwiftUITests.release.xcconfig */ = {isa = PBXFileReference; includeInIndex = 1; lastKnownFileType = text.xcconfig; name = "Pods-PlayWithRxSwiftUITests.release.xcconfig"; path = "Target Support Files/Pods-PlayWithRxSwiftUITests/Pods-PlayWithRxSwiftUITests.release.xcconfig"; sourceTree = "<group>"; };
		53E6FF0FBBCD7E68F2733F7B /* Pods-PlayWithRxSwift.release.xcconfig */ = {isa = PBXFileReference; includeInIndex = 1; lastKnownFileType = text.xcconfig; name = "Pods-PlayWithRxSwift.release.xcconfig"; path = "Target Support Files/Pods-PlayWithRxSwift/Pods-PlayWithRxSwift.release.xcconfig"; sourceTree = "<group>"; };
		C034C0CD70FCC63E7CE2CCDB /* Pods-PlayWithRxSwiftUITests.debug.xcconfig */ = {isa = PBXFileReference; includeInIndex = 1; lastKnownFileType = text.xcconfig; name = "Pods-PlayWithRxSwiftUITests.debug.xcconfig"; path = "Target Support Files/Pods-PlayWithRxSwiftUITests/Pods-PlayWithRxSwiftUITests.debug.xcconfig"; sourceTree = "<group>"; };
		CD937BE25B1A197BFC16EE38 /* Pods_PlayWithRxSwift.framework */ = {isa = PBXFileReference; explicitFileType = wrapper.framework; includeInIndex = 0; path = Pods_PlayWithRxSwift.framework; sourceTree = BUILT_PRODUCTS_DIR; };
		CF153BB13E05F02E8613F0C9 /* Pods-PlayWithRxSwiftTests.release.xcconfig */ = {isa = PBXFileReference; includeInIndex = 1; lastKnownFileType = text.xcconfig; name = "Pods-PlayWithRxSwiftTests.release.xcconfig"; path = "Target Support Files/Pods-PlayWithRxSwiftTests/Pods-PlayWithRxSwiftTests.release.xcconfig"; sourceTree = "<group>"; };
/* End PBXFileReference section */

/* Begin PBXFrameworksBuildPhase section */
		14E395952525D156008CD5E7 /* Frameworks */ = {
			isa = PBXFrameworksBuildPhase;
			buildActionMask = 2147483647;
			files = (
				8269A8C7648E71638F2DF72A /* Pods_PlayWithRxSwift.framework in Frameworks */,
			);
			runOnlyForDeploymentPostprocessing = 0;
		};
		14E395AB2525D157008CD5E7 /* Frameworks */ = {
			isa = PBXFrameworksBuildPhase;
			buildActionMask = 2147483647;
			files = (
				8DEDC51A9FCC3FD0DC4DC93E /* Pods_PlayWithRxSwiftTests.framework in Frameworks */,
			);
			runOnlyForDeploymentPostprocessing = 0;
		};
		14E395B62525D157008CD5E7 /* Frameworks */ = {
			isa = PBXFrameworksBuildPhase;
			buildActionMask = 2147483647;
			files = (
				2F9A3C83084F9FD7332077B8 /* Pods_PlayWithRxSwiftUITests.framework in Frameworks */,
			);
			runOnlyForDeploymentPostprocessing = 0;
		};
/* End PBXFrameworksBuildPhase section */

/* Begin PBXGroup section */
		146A502A2544047D00262122 /* Model */ = {
			isa = PBXGroup;
			children = (
				146A502B254404A900262122 /* WeatherResult.swift */,
			);
			path = Model;
			sourceTree = "<group>";
		};
		146A50362544066E00262122 /* Extensions */ = {
			isa = PBXGroup;
			children = (
				146A50372544068700262122 /* URLRequest+Extensions.swift */,
			);
			path = Extensions;
			sourceTree = "<group>";
		};
		14E3958F2525D156008CD5E7 = {
			isa = PBXGroup;
			children = (
				14E3959A2525D156008CD5E7 /* PlayWithRxSwift */,
				14E395B12525D157008CD5E7 /* PlayWithRxSwiftTests */,
				14E395BC2525D157008CD5E7 /* PlayWithRxSwiftUITests */,
				14E395992525D156008CD5E7 /* Products */,
				5E594DA00F2B4C350E827381 /* Pods */,
				7343D039A134535A92894C58 /* Frameworks */,
			);
			sourceTree = "<group>";
		};
		14E395992525D156008CD5E7 /* Products */ = {
			isa = PBXGroup;
			children = (
				14E395982525D156008CD5E7 /* PlayWithRxSwift.app */,
				14E395AE2525D157008CD5E7 /* PlayWithRxSwiftTests.xctest */,
				14E395B92525D157008CD5E7 /* PlayWithRxSwiftUITests.xctest */,
			);
			name = Products;
			sourceTree = "<group>";
		};
		14E3959A2525D156008CD5E7 /* PlayWithRxSwift */ = {
			isa = PBXGroup;
			children = (
				14FEE55525271598003F3D71 /* Playground */,
				146A50362544066E00262122 /* Extensions */,
				146A502A2544047D00262122 /* Model */,
				14E3959B2525D156008CD5E7 /* AppDelegate.swift */,
				14E3959D2525D156008CD5E7 /* SceneDelegate.swift */,
				14E3959F2525D156008CD5E7 /* ViewController.swift */,
				14E395A12525D156008CD5E7 /* Main.storyboard */,
				14E395A42525D157008CD5E7 /* Assets.xcassets */,
				14E395A62525D157008CD5E7 /* LaunchScreen.storyboard */,
				14E395A92525D157008CD5E7 /* Info.plist */,
			);
			path = PlayWithRxSwift;
			sourceTree = "<group>";
		};
		14E395B12525D157008CD5E7 /* PlayWithRxSwiftTests */ = {
			isa = PBXGroup;
			children = (
				14E395B22525D157008CD5E7 /* PlayWithRxSwiftTests.swift */,
				14E395B42525D157008CD5E7 /* Info.plist */,
			);
			path = PlayWithRxSwiftTests;
			sourceTree = "<group>";
		};
		14E395BC2525D157008CD5E7 /* PlayWithRxSwiftUITests */ = {
			isa = PBXGroup;
			children = (
				14E395BD2525D157008CD5E7 /* PlayWithRxSwiftUITests.swift */,
				14E395BF2525D157008CD5E7 /* Info.plist */,
			);
			path = PlayWithRxSwiftUITests;
			sourceTree = "<group>";
		};
		14FEE55525271598003F3D71 /* Playground */ = {
			isa = PBXGroup;
			children = (
				14E395D82525D229008CD5E7 /* Observerable.playground */,
				14FEE55C252715CD003F3D71 /* Subject.playground */,
				14CB664225286C7A00AD15FB /* Filter.playground */,
				140A482D2531AED200B39A84 /* TransformOperator.playground */,
				14FC5D682536FB7300D61592 /* CombineOperator.playground */,
			);
			path = Playground;
			sourceTree = "<group>";
		};
		5E594DA00F2B4C350E827381 /* Pods */ = {
			isa = PBXGroup;
			children = (
				2B031E2A06D2CADDFB1704FD /* Pods-PlayWithRxSwift.debug.xcconfig */,
				53E6FF0FBBCD7E68F2733F7B /* Pods-PlayWithRxSwift.release.xcconfig */,
				5220E8766B829E330A66F18B /* Pods-PlayWithRxSwiftTests.debug.xcconfig */,
				CF153BB13E05F02E8613F0C9 /* Pods-PlayWithRxSwiftTests.release.xcconfig */,
				C034C0CD70FCC63E7CE2CCDB /* Pods-PlayWithRxSwiftUITests.debug.xcconfig */,
				530B8CBF00EA46C4EB573B0B /* Pods-PlayWithRxSwiftUITests.release.xcconfig */,
			);
			path = Pods;
			sourceTree = "<group>";
		};
		7343D039A134535A92894C58 /* Frameworks */ = {
			isa = PBXGroup;
			children = (
				CD937BE25B1A197BFC16EE38 /* Pods_PlayWithRxSwift.framework */,
				15FCDD135BDC8B37AC69203C /* Pods_PlayWithRxSwiftTests.framework */,
				1B6F282817B2BE097B30188F /* Pods_PlayWithRxSwiftUITests.framework */,
			);
			name = Frameworks;
			sourceTree = "<group>";
		};
/* End PBXGroup section */

/* Begin PBXNativeTarget section */
		14E395972525D156008CD5E7 /* PlayWithRxSwift */ = {
			isa = PBXNativeTarget;
			buildConfigurationList = 14E395C22525D157008CD5E7 /* Build configuration list for PBXNativeTarget "PlayWithRxSwift" */;
			buildPhases = (
				39E37BACB4E50F4400600582 /* [CP] Check Pods Manifest.lock */,
				14E395942525D156008CD5E7 /* Sources */,
				14E395952525D156008CD5E7 /* Frameworks */,
				14E395962525D156008CD5E7 /* Resources */,
				C543BE86FEF39A0B96220CA7 /* [CP] Embed Pods Frameworks */,
			);
			buildRules = (
			);
			dependencies = (
			);
			name = PlayWithRxSwift;
			productName = PlayWithRxSwift;
			productReference = 14E395982525D156008CD5E7 /* PlayWithRxSwift.app */;
			productType = "com.apple.product-type.application";
		};
		14E395AD2525D157008CD5E7 /* PlayWithRxSwiftTests */ = {
			isa = PBXNativeTarget;
			buildConfigurationList = 14E395C52525D157008CD5E7 /* Build configuration list for PBXNativeTarget "PlayWithRxSwiftTests" */;
			buildPhases = (
				DD89B2D820661B03764DF461 /* [CP] Check Pods Manifest.lock */,
				14E395AA2525D157008CD5E7 /* Sources */,
				14E395AB2525D157008CD5E7 /* Frameworks */,
				14E395AC2525D157008CD5E7 /* Resources */,
			);
			buildRules = (
			);
			dependencies = (
				14E395B02525D157008CD5E7 /* PBXTargetDependency */,
			);
			name = PlayWithRxSwiftTests;
			productName = PlayWithRxSwiftTests;
			productReference = 14E395AE2525D157008CD5E7 /* PlayWithRxSwiftTests.xctest */;
			productType = "com.apple.product-type.bundle.unit-test";
		};
		14E395B82525D157008CD5E7 /* PlayWithRxSwiftUITests */ = {
			isa = PBXNativeTarget;
			buildConfigurationList = 14E395C82525D157008CD5E7 /* Build configuration list for PBXNativeTarget "PlayWithRxSwiftUITests" */;
			buildPhases = (
				352D81F01EDCCD7F3C758DE6 /* [CP] Check Pods Manifest.lock */,
				14E395B52525D157008CD5E7 /* Sources */,
				14E395B62525D157008CD5E7 /* Frameworks */,
				14E395B72525D157008CD5E7 /* Resources */,
			);
			buildRules = (
			);
			dependencies = (
				14E395BB2525D157008CD5E7 /* PBXTargetDependency */,
			);
			name = PlayWithRxSwiftUITests;
			productName = PlayWithRxSwiftUITests;
			productReference = 14E395B92525D157008CD5E7 /* PlayWithRxSwiftUITests.xctest */;
			productType = "com.apple.product-type.bundle.ui-testing";
		};
/* End PBXNativeTarget section */

/* Begin PBXProject section */
		14E395902525D156008CD5E7 /* Project object */ = {
			isa = PBXProject;
			attributes = {
				LastSwiftUpdateCheck = 1200;
				LastUpgradeCheck = 1200;
				TargetAttributes = {
					14E395972525D156008CD5E7 = {
						CreatedOnToolsVersion = 12.0;
					};
					14E395AD2525D157008CD5E7 = {
						CreatedOnToolsVersion = 12.0;
						TestTargetID = 14E395972525D156008CD5E7;
					};
					14E395B82525D157008CD5E7 = {
						CreatedOnToolsVersion = 12.0;
						TestTargetID = 14E395972525D156008CD5E7;
					};
				};
			};
			buildConfigurationList = 14E395932525D156008CD5E7 /* Build configuration list for PBXProject "PlayWithRxSwift" */;
			compatibilityVersion = "Xcode 9.3";
			developmentRegion = en;
			hasScannedForEncodings = 0;
			knownRegions = (
				en,
				Base,
			);
			mainGroup = 14E3958F2525D156008CD5E7;
			productRefGroup = 14E395992525D156008CD5E7 /* Products */;
			projectDirPath = "";
			projectRoot = "";
			targets = (
				14E395972525D156008CD5E7 /* PlayWithRxSwift */,
				14E395AD2525D157008CD5E7 /* PlayWithRxSwiftTests */,
				14E395B82525D157008CD5E7 /* PlayWithRxSwiftUITests */,
			);
		};
/* End PBXProject section */

/* Begin PBXResourcesBuildPhase section */
		14E395962525D156008CD5E7 /* Resources */ = {
			isa = PBXResourcesBuildPhase;
			buildActionMask = 2147483647;
			files = (
				14E395A82525D157008CD5E7 /* LaunchScreen.storyboard in Resources */,
				14E395A52525D157008CD5E7 /* Assets.xcassets in Resources */,
				14E395A32525D156008CD5E7 /* Main.storyboard in Resources */,
			);
			runOnlyForDeploymentPostprocessing = 0;
		};
		14E395AC2525D157008CD5E7 /* Resources */ = {
			isa = PBXResourcesBuildPhase;
			buildActionMask = 2147483647;
			files = (
			);
			runOnlyForDeploymentPostprocessing = 0;
		};
		14E395B72525D157008CD5E7 /* Resources */ = {
			isa = PBXResourcesBuildPhase;
			buildActionMask = 2147483647;
			files = (
			);
			runOnlyForDeploymentPostprocessing = 0;
		};
/* End PBXResourcesBuildPhase section */

/* Begin PBXShellScriptBuildPhase section */
		352D81F01EDCCD7F3C758DE6 /* [CP] Check Pods Manifest.lock */ = {
			isa = PBXShellScriptBuildPhase;
			buildActionMask = 2147483647;
			files = (
			);
			inputFileListPaths = (
			);
			inputPaths = (
				"${PODS_PODFILE_DIR_PATH}/Podfile.lock",
				"${PODS_ROOT}/Manifest.lock",
			);
			name = "[CP] Check Pods Manifest.lock";
			outputFileListPaths = (
			);
			outputPaths = (
				"$(DERIVED_FILE_DIR)/Pods-PlayWithRxSwiftUITests-checkManifestLockResult.txt",
			);
			runOnlyForDeploymentPostprocessing = 0;
			shellPath = /bin/sh;
			shellScript = "diff \"${PODS_PODFILE_DIR_PATH}/Podfile.lock\" \"${PODS_ROOT}/Manifest.lock\" > /dev/null\nif [ $? != 0 ] ; then\n    # print error to STDERR\n    echo \"error: The sandbox is not in sync with the Podfile.lock. Run 'pod install' or update your CocoaPods installation.\" >&2\n    exit 1\nfi\n# This output is used by Xcode 'outputs' to avoid re-running this script phase.\necho \"SUCCESS\" > \"${SCRIPT_OUTPUT_FILE_0}\"\n";
			showEnvVarsInLog = 0;
		};
		39E37BACB4E50F4400600582 /* [CP] Check Pods Manifest.lock */ = {
			isa = PBXShellScriptBuildPhase;
			buildActionMask = 2147483647;
			files = (
			);
			inputFileListPaths = (
			);
			inputPaths = (
				"${PODS_PODFILE_DIR_PATH}/Podfile.lock",
				"${PODS_ROOT}/Manifest.lock",
			);
			name = "[CP] Check Pods Manifest.lock";
			outputFileListPaths = (
			);
			outputPaths = (
				"$(DERIVED_FILE_DIR)/Pods-PlayWithRxSwift-checkManifestLockResult.txt",
			);
			runOnlyForDeploymentPostprocessing = 0;
			shellPath = /bin/sh;
			shellScript = "diff \"${PODS_PODFILE_DIR_PATH}/Podfile.lock\" \"${PODS_ROOT}/Manifest.lock\" > /dev/null\nif [ $? != 0 ] ; then\n    # print error to STDERR\n    echo \"error: The sandbox is not in sync with the Podfile.lock. Run 'pod install' or update your CocoaPods installation.\" >&2\n    exit 1\nfi\n# This output is used by Xcode 'outputs' to avoid re-running this script phase.\necho \"SUCCESS\" > \"${SCRIPT_OUTPUT_FILE_0}\"\n";
			showEnvVarsInLog = 0;
		};
		C543BE86FEF39A0B96220CA7 /* [CP] Embed Pods Frameworks */ = {
			isa = PBXShellScriptBuildPhase;
			buildActionMask = 2147483647;
			files = (
			);
			inputFileListPaths = (
				"${PODS_ROOT}/Target Support Files/Pods-PlayWithRxSwift/Pods-PlayWithRxSwift-frameworks-${CONFIGURATION}-input-files.xcfilelist",
			);
			name = "[CP] Embed Pods Frameworks";
			outputFileListPaths = (
				"${PODS_ROOT}/Target Support Files/Pods-PlayWithRxSwift/Pods-PlayWithRxSwift-frameworks-${CONFIGURATION}-output-files.xcfilelist",
			);
			runOnlyForDeploymentPostprocessing = 0;
			shellPath = /bin/sh;
			shellScript = "\"${PODS_ROOT}/Target Support Files/Pods-PlayWithRxSwift/Pods-PlayWithRxSwift-frameworks.sh\"\n";
			showEnvVarsInLog = 0;
		};
		DD89B2D820661B03764DF461 /* [CP] Check Pods Manifest.lock */ = {
			isa = PBXShellScriptBuildPhase;
			buildActionMask = 2147483647;
			files = (
			);
			inputFileListPaths = (
			);
			inputPaths = (
				"${PODS_PODFILE_DIR_PATH}/Podfile.lock",
				"${PODS_ROOT}/Manifest.lock",
			);
			name = "[CP] Check Pods Manifest.lock";
			outputFileListPaths = (
			);
			outputPaths = (
				"$(DERIVED_FILE_DIR)/Pods-PlayWithRxSwiftTests-checkManifestLockResult.txt",
			);
			runOnlyForDeploymentPostprocessing = 0;
			shellPath = /bin/sh;
			shellScript = "diff \"${PODS_PODFILE_DIR_PATH}/Podfile.lock\" \"${PODS_ROOT}/Manifest.lock\" > /dev/null\nif [ $? != 0 ] ; then\n    # print error to STDERR\n    echo \"error: The sandbox is not in sync with the Podfile.lock. Run 'pod install' or update your CocoaPods installation.\" >&2\n    exit 1\nfi\n# This output is used by Xcode 'outputs' to avoid re-running this script phase.\necho \"SUCCESS\" > \"${SCRIPT_OUTPUT_FILE_0}\"\n";
			showEnvVarsInLog = 0;
		};
/* End PBXShellScriptBuildPhase section */

/* Begin PBXSourcesBuildPhase section */
		14E395942525D156008CD5E7 /* Sources */ = {
			isa = PBXSourcesBuildPhase;
			buildActionMask = 2147483647;
			files = (
				14E395A02525D156008CD5E7 /* ViewController.swift in Sources */,
				146A502C254404A900262122 /* WeatherResult.swift in Sources */,
				14E3959C2525D156008CD5E7 /* AppDelegate.swift in Sources */,
				14E3959E2525D156008CD5E7 /* SceneDelegate.swift in Sources */,
				146A50382544068700262122 /* URLRequest+Extensions.swift in Sources */,
			);
			runOnlyForDeploymentPostprocessing = 0;
		};
		14E395AA2525D157008CD5E7 /* Sources */ = {
			isa = PBXSourcesBuildPhase;
			buildActionMask = 2147483647;
			files = (
				14E395B32525D157008CD5E7 /* PlayWithRxSwiftTests.swift in Sources */,
			);
			runOnlyForDeploymentPostprocessing = 0;
		};
		14E395B52525D157008CD5E7 /* Sources */ = {
			isa = PBXSourcesBuildPhase;
			buildActionMask = 2147483647;
			files = (
				14E395BE2525D157008CD5E7 /* PlayWithRxSwiftUITests.swift in Sources */,
			);
			runOnlyForDeploymentPostprocessing = 0;
		};
/* End PBXSourcesBuildPhase section */

/* Begin PBXTargetDependency section */
		14E395B02525D157008CD5E7 /* PBXTargetDependency */ = {
			isa = PBXTargetDependency;
			target = 14E395972525D156008CD5E7 /* PlayWithRxSwift */;
			targetProxy = 14E395AF2525D157008CD5E7 /* PBXContainerItemProxy */;
		};
		14E395BB2525D157008CD5E7 /* PBXTargetDependency */ = {
			isa = PBXTargetDependency;
			target = 14E395972525D156008CD5E7 /* PlayWithRxSwift */;
			targetProxy = 14E395BA2525D157008CD5E7 /* PBXContainerItemProxy */;
		};
/* End PBXTargetDependency section */

/* Begin PBXVariantGroup section */
		14E395A12525D156008CD5E7 /* Main.storyboard */ = {
			isa = PBXVariantGroup;
			children = (
				14E395A22525D156008CD5E7 /* Base */,
			);
			name = Main.storyboard;
			sourceTree = "<group>";
		};
		14E395A62525D157008CD5E7 /* LaunchScreen.storyboard */ = {
			isa = PBXVariantGroup;
			children = (
				14E395A72525D157008CD5E7 /* Base */,
			);
			name = LaunchScreen.storyboard;
			sourceTree = "<group>";
		};
/* End PBXVariantGroup section */

/* Begin XCBuildConfiguration section */
		14E395C02525D157008CD5E7 /* Debug */ = {
			isa = XCBuildConfiguration;
			buildSettings = {
				ALWAYS_SEARCH_USER_PATHS = NO;
				CLANG_ANALYZER_NONNULL = YES;
				CLANG_ANALYZER_NUMBER_OBJECT_CONVERSION = YES_AGGRESSIVE;
				CLANG_CXX_LANGUAGE_STANDARD = "gnu++14";
				CLANG_CXX_LIBRARY = "libc++";
				CLANG_ENABLE_MODULES = YES;
				CLANG_ENABLE_OBJC_ARC = YES;
				CLANG_ENABLE_OBJC_WEAK = YES;
				CLANG_WARN_BLOCK_CAPTURE_AUTORELEASING = YES;
				CLANG_WARN_BOOL_CONVERSION = YES;
				CLANG_WARN_COMMA = YES;
				CLANG_WARN_CONSTANT_CONVERSION = YES;
				CLANG_WARN_DEPRECATED_OBJC_IMPLEMENTATIONS = YES;
				CLANG_WARN_DIRECT_OBJC_ISA_USAGE = YES_ERROR;
				CLANG_WARN_DOCUMENTATION_COMMENTS = YES;
				CLANG_WARN_EMPTY_BODY = YES;
				CLANG_WARN_ENUM_CONVERSION = YES;
				CLANG_WARN_INFINITE_RECURSION = YES;
				CLANG_WARN_INT_CONVERSION = YES;
				CLANG_WARN_NON_LITERAL_NULL_CONVERSION = YES;
				CLANG_WARN_OBJC_IMPLICIT_RETAIN_SELF = YES;
				CLANG_WARN_OBJC_LITERAL_CONVERSION = YES;
				CLANG_WARN_OBJC_ROOT_CLASS = YES_ERROR;
				CLANG_WARN_QUOTED_INCLUDE_IN_FRAMEWORK_HEADER = YES;
				CLANG_WARN_RANGE_LOOP_ANALYSIS = YES;
				CLANG_WARN_STRICT_PROTOTYPES = YES;
				CLANG_WARN_SUSPICIOUS_MOVE = YES;
				CLANG_WARN_UNGUARDED_AVAILABILITY = YES_AGGRESSIVE;
				CLANG_WARN_UNREACHABLE_CODE = YES;
				CLANG_WARN__DUPLICATE_METHOD_MATCH = YES;
				COPY_PHASE_STRIP = NO;
				DEBUG_INFORMATION_FORMAT = dwarf;
				ENABLE_STRICT_OBJC_MSGSEND = YES;
				ENABLE_TESTABILITY = YES;
				GCC_C_LANGUAGE_STANDARD = gnu11;
				GCC_DYNAMIC_NO_PIC = NO;
				GCC_NO_COMMON_BLOCKS = YES;
				GCC_OPTIMIZATION_LEVEL = 0;
				GCC_PREPROCESSOR_DEFINITIONS = (
					"DEBUG=1",
					"$(inherited)",
				);
				GCC_WARN_64_TO_32_BIT_CONVERSION = YES;
				GCC_WARN_ABOUT_RETURN_TYPE = YES_ERROR;
				GCC_WARN_UNDECLARED_SELECTOR = YES;
				GCC_WARN_UNINITIALIZED_AUTOS = YES_AGGRESSIVE;
				GCC_WARN_UNUSED_FUNCTION = YES;
				GCC_WARN_UNUSED_VARIABLE = YES;
				IPHONEOS_DEPLOYMENT_TARGET = 14.0;
				MTL_ENABLE_DEBUG_INFO = INCLUDE_SOURCE;
				MTL_FAST_MATH = YES;
				ONLY_ACTIVE_ARCH = YES;
				SDKROOT = iphoneos;
				SWIFT_ACTIVE_COMPILATION_CONDITIONS = DEBUG;
				SWIFT_OPTIMIZATION_LEVEL = "-Onone";
			};
			name = Debug;
		};
		14E395C12525D157008CD5E7 /* Release */ = {
			isa = XCBuildConfiguration;
			buildSettings = {
				ALWAYS_SEARCH_USER_PATHS = NO;
				CLANG_ANALYZER_NONNULL = YES;
				CLANG_ANALYZER_NUMBER_OBJECT_CONVERSION = YES_AGGRESSIVE;
				CLANG_CXX_LANGUAGE_STANDARD = "gnu++14";
				CLANG_CXX_LIBRARY = "libc++";
				CLANG_ENABLE_MODULES = YES;
				CLANG_ENABLE_OBJC_ARC = YES;
				CLANG_ENABLE_OBJC_WEAK = YES;
				CLANG_WARN_BLOCK_CAPTURE_AUTORELEASING = YES;
				CLANG_WARN_BOOL_CONVERSION = YES;
				CLANG_WARN_COMMA = YES;
				CLANG_WARN_CONSTANT_CONVERSION = YES;
				CLANG_WARN_DEPRECATED_OBJC_IMPLEMENTATIONS = YES;
				CLANG_WARN_DIRECT_OBJC_ISA_USAGE = YES_ERROR;
				CLANG_WARN_DOCUMENTATION_COMMENTS = YES;
				CLANG_WARN_EMPTY_BODY = YES;
				CLANG_WARN_ENUM_CONVERSION = YES;
				CLANG_WARN_INFINITE_RECURSION = YES;
				CLANG_WARN_INT_CONVERSION = YES;
				CLANG_WARN_NON_LITERAL_NULL_CONVERSION = YES;
				CLANG_WARN_OBJC_IMPLICIT_RETAIN_SELF = YES;
				CLANG_WARN_OBJC_LITERAL_CONVERSION = YES;
				CLANG_WARN_OBJC_ROOT_CLASS = YES_ERROR;
				CLANG_WARN_QUOTED_INCLUDE_IN_FRAMEWORK_HEADER = YES;
				CLANG_WARN_RANGE_LOOP_ANALYSIS = YES;
				CLANG_WARN_STRICT_PROTOTYPES = YES;
				CLANG_WARN_SUSPICIOUS_MOVE = YES;
				CLANG_WARN_UNGUARDED_AVAILABILITY = YES_AGGRESSIVE;
				CLANG_WARN_UNREACHABLE_CODE = YES;
				CLANG_WARN__DUPLICATE_METHOD_MATCH = YES;
				COPY_PHASE_STRIP = NO;
				DEBUG_INFORMATION_FORMAT = "dwarf-with-dsym";
				ENABLE_NS_ASSERTIONS = NO;
				ENABLE_STRICT_OBJC_MSGSEND = YES;
				GCC_C_LANGUAGE_STANDARD = gnu11;
				GCC_NO_COMMON_BLOCKS = YES;
				GCC_WARN_64_TO_32_BIT_CONVERSION = YES;
				GCC_WARN_ABOUT_RETURN_TYPE = YES_ERROR;
				GCC_WARN_UNDECLARED_SELECTOR = YES;
				GCC_WARN_UNINITIALIZED_AUTOS = YES_AGGRESSIVE;
				GCC_WARN_UNUSED_FUNCTION = YES;
				GCC_WARN_UNUSED_VARIABLE = YES;
				IPHONEOS_DEPLOYMENT_TARGET = 14.0;
				MTL_ENABLE_DEBUG_INFO = NO;
				MTL_FAST_MATH = YES;
				SDKROOT = iphoneos;
				SWIFT_COMPILATION_MODE = wholemodule;
				SWIFT_OPTIMIZATION_LEVEL = "-O";
				VALIDATE_PRODUCT = YES;
			};
			name = Release;
		};
		14E395C32525D157008CD5E7 /* Debug */ = {
			isa = XCBuildConfiguration;
			baseConfigurationReference = 2B031E2A06D2CADDFB1704FD /* Pods-PlayWithRxSwift.debug.xcconfig */;
			buildSettings = {
				ASSETCATALOG_COMPILER_APPICON_NAME = AppIcon;
				ASSETCATALOG_COMPILER_GLOBAL_ACCENT_COLOR_NAME = AccentColor;
				CODE_SIGN_STYLE = Automatic;
				DEVELOPMENT_TEAM = L6FXVKY65M;
				INFOPLIST_FILE = PlayWithRxSwift/Info.plist;
				LD_RUNPATH_SEARCH_PATHS = (
					"$(inherited)",
					"@executable_path/Frameworks",
				);
				PRODUCT_BUNDLE_IDENTIFIER = seanlin.dev.PlayWithRxSwift;
				PRODUCT_NAME = "$(TARGET_NAME)";
				SWIFT_VERSION = 5.0;
				TARGETED_DEVICE_FAMILY = "1,2";
			};
			name = Debug;
		};
		14E395C42525D157008CD5E7 /* Release */ = {
			isa = XCBuildConfiguration;
			baseConfigurationReference = 53E6FF0FBBCD7E68F2733F7B /* Pods-PlayWithRxSwift.release.xcconfig */;
			buildSettings = {
				ASSETCATALOG_COMPILER_APPICON_NAME = AppIcon;
				ASSETCATALOG_COMPILER_GLOBAL_ACCENT_COLOR_NAME = AccentColor;
				CODE_SIGN_STYLE = Automatic;
				DEVELOPMENT_TEAM = L6FXVKY65M;
				INFOPLIST_FILE = PlayWithRxSwift/Info.plist;
				LD_RUNPATH_SEARCH_PATHS = (
					"$(inherited)",
					"@executable_path/Frameworks",
				);
				PRODUCT_BUNDLE_IDENTIFIER = seanlin.dev.PlayWithRxSwift;
				PRODUCT_NAME = "$(TARGET_NAME)";
				SWIFT_VERSION = 5.0;
				TARGETED_DEVICE_FAMILY = "1,2";
			};
			name = Release;
		};
		14E395C62525D157008CD5E7 /* Debug */ = {
			isa = XCBuildConfiguration;
			baseConfigurationReference = 5220E8766B829E330A66F18B /* Pods-PlayWithRxSwiftTests.debug.xcconfig */;
			buildSettings = {
				ALWAYS_EMBED_SWIFT_STANDARD_LIBRARIES = YES;
				BUNDLE_LOADER = "$(TEST_HOST)";
				CODE_SIGN_STYLE = Automatic;
				DEVELOPMENT_TEAM = L6FXVKY65M;
				INFOPLIST_FILE = PlayWithRxSwiftTests/Info.plist;
				IPHONEOS_DEPLOYMENT_TARGET = 14.0;
				LD_RUNPATH_SEARCH_PATHS = (
					"$(inherited)",
					"@executable_path/Frameworks",
					"@loader_path/Frameworks",
				);
				PRODUCT_BUNDLE_IDENTIFIER = seanlin.dev.PlayWithRxSwiftTests;
				PRODUCT_NAME = "$(TARGET_NAME)";
				SWIFT_VERSION = 5.0;
				TARGETED_DEVICE_FAMILY = "1,2";
				TEST_HOST = "$(BUILT_PRODUCTS_DIR)/PlayWithRxSwift.app/PlayWithRxSwift";
			};
			name = Debug;
		};
		14E395C72525D157008CD5E7 /* Release */ = {
			isa = XCBuildConfiguration;
			baseConfigurationReference = CF153BB13E05F02E8613F0C9 /* Pods-PlayWithRxSwiftTests.release.xcconfig */;
			buildSettings = {
				ALWAYS_EMBED_SWIFT_STANDARD_LIBRARIES = YES;
				BUNDLE_LOADER = "$(TEST_HOST)";
				CODE_SIGN_STYLE = Automatic;
				DEVELOPMENT_TEAM = L6FXVKY65M;
				INFOPLIST_FILE = PlayWithRxSwiftTests/Info.plist;
				IPHONEOS_DEPLOYMENT_TARGET = 14.0;
				LD_RUNPATH_SEARCH_PATHS = (
					"$(inherited)",
					"@executable_path/Frameworks",
					"@loader_path/Frameworks",
				);
				PRODUCT_BUNDLE_IDENTIFIER = seanlin.dev.PlayWithRxSwiftTests;
				PRODUCT_NAME = "$(TARGET_NAME)";
				SWIFT_VERSION = 5.0;
				TARGETED_DEVICE_FAMILY = "1,2";
				TEST_HOST = "$(BUILT_PRODUCTS_DIR)/PlayWithRxSwift.app/PlayWithRxSwift";
			};
			name = Release;
		};
		14E395C92525D157008CD5E7 /* Debug */ = {
			isa = XCBuildConfiguration;
			baseConfigurationReference = C034C0CD70FCC63E7CE2CCDB /* Pods-PlayWithRxSwiftUITests.debug.xcconfig */;
			buildSettings = {
				ALWAYS_EMBED_SWIFT_STANDARD_LIBRARIES = YES;
				CODE_SIGN_STYLE = Automatic;
				DEVELOPMENT_TEAM = L6FXVKY65M;
				INFOPLIST_FILE = PlayWithRxSwiftUITests/Info.plist;
				LD_RUNPATH_SEARCH_PATHS = (
					"$(inherited)",
					"@executable_path/Frameworks",
					"@loader_path/Frameworks",
				);
				PRODUCT_BUNDLE_IDENTIFIER = seanlin.dev.PlayWithRxSwiftUITests;
				PRODUCT_NAME = "$(TARGET_NAME)";
				SWIFT_VERSION = 5.0;
				TARGETED_DEVICE_FAMILY = "1,2";
				TEST_TARGET_NAME = PlayWithRxSwift;
			};
			name = Debug;
		};
		14E395CA2525D157008CD5E7 /* Release */ = {
			isa = XCBuildConfiguration;
			baseConfigurationReference = 530B8CBF00EA46C4EB573B0B /* Pods-PlayWithRxSwiftUITests.release.xcconfig */;
			buildSettings = {
				ALWAYS_EMBED_SWIFT_STANDARD_LIBRARIES = YES;
				CODE_SIGN_STYLE = Automatic;
				DEVELOPMENT_TEAM = L6FXVKY65M;
				INFOPLIST_FILE = PlayWithRxSwiftUITests/Info.plist;
				LD_RUNPATH_SEARCH_PATHS = (
					"$(inherited)",
					"@executable_path/Frameworks",
					"@loader_path/Frameworks",
				);
				PRODUCT_BUNDLE_IDENTIFIER = seanlin.dev.PlayWithRxSwiftUITests;
				PRODUCT_NAME = "$(TARGET_NAME)";
				SWIFT_VERSION = 5.0;
				TARGETED_DEVICE_FAMILY = "1,2";
				TEST_TARGET_NAME = PlayWithRxSwift;
			};
			name = Release;
		};
/* End XCBuildConfiguration section */

/* Begin XCConfigurationList section */
		14E395932525D156008CD5E7 /* Build configuration list for PBXProject "PlayWithRxSwift" */ = {
			isa = XCConfigurationList;
			buildConfigurations = (
				14E395C02525D157008CD5E7 /* Debug */,
				14E395C12525D157008CD5E7 /* Release */,
			);
			defaultConfigurationIsVisible = 0;
			defaultConfigurationName = Release;
		};
		14E395C22525D157008CD5E7 /* Build configuration list for PBXNativeTarget "PlayWithRxSwift" */ = {
			isa = XCConfigurationList;
			buildConfigurations = (
				14E395C32525D157008CD5E7 /* Debug */,
				14E395C42525D157008CD5E7 /* Release */,
			);
			defaultConfigurationIsVisible = 0;
			defaultConfigurationName = Release;
		};
		14E395C52525D157008CD5E7 /* Build configuration list for PBXNativeTarget "PlayWithRxSwiftTests" */ = {
			isa = XCConfigurationList;
			buildConfigurations = (
				14E395C62525D157008CD5E7 /* Debug */,
				14E395C72525D157008CD5E7 /* Release */,
			);
			defaultConfigurationIsVisible = 0;
			defaultConfigurationName = Release;
		};
		14E395C82525D157008CD5E7 /* Build configuration list for PBXNativeTarget "PlayWithRxSwiftUITests" */ = {
			isa = XCConfigurationList;
			buildConfigurations = (
				14E395C92525D157008CD5E7 /* Debug */,
				14E395CA2525D157008CD5E7 /* Release */,
			);
			defaultConfigurationIsVisible = 0;
			defaultConfigurationName = Release;
		};
/* End XCConfigurationList section */
	};
	rootObject = 14E395902525D156008CD5E7 /* Project object */;
}
